
Microsoft Visual Studio Solution File, Format Version 12.00
# Visual Studio Version 17
VisualStudioVersion = 17.14.36518.9 d17.14
MinimumVisualStudioVersion = 10.0.40219.1
Project("{FAE04EC0-301F-11D3-BF4B-00C04F79EFBC}") = "playfair and RSA", "playfair and RSA\playfair and RSA.csproj", "{B8EF09FB-B8EA-49AB-AB40-AB17E56265DD}"
EndProject
Global
	GlobalSection(SolutionConfigurationPlatforms) = preSolution
		Debug|Any CPU = Debug|Any CPU
		Release|Any CPU = Release|Any CPU
	EndGlobalSection
	GlobalSection(ProjectConfigurationPlatforms) = postSolution
		{B8EF09FB-B8EA-49AB-AB40-AB17E56265DD}.Debug|Any CPU.ActiveCfg = Debug|Any CPU
		{B8EF09FB-B8EA-49AB-AB40-AB17E56265DD}.Debug|Any CPU.Build.0 = Debug|Any CPU
		{B8EF09FB-B8EA-49AB-AB40-AB17E56265DD}.Release|Any CPU.ActiveCfg = Release|Any CPU
		{B8EF09FB-B8EA-49AB-AB40-AB17E56265DD}.Release|Any CPU.Build.0 = Release|Any CPU
	EndGlobalSection
	GlobalSection(SolutionProperties) = preSolution
		HideSolutionNode = FALSE
	EndGlobalSection
	GlobalSection(ExtensibilityGlobals) = postSolution
		SolutionGuid = {EE112CAD-AEDA-4C93-8105-3FCCB80389C2}
	EndGlobalSection
EndGlobal
